Microsoft Visual Studio Solution File, Format Version 12.00
# Visual Studio Version 17
VisualStudioVersion = 17.5.2.0
MinimumVisualStudioVersion = 10.0.40219.1
Project("{FAE04EC0-301F-11D3-BF4B-00C04F79EFBC}") = "batchFieldCollectDemo", "batchFieldCollectDemo.csproj", "{7B7F5264-D7B9-8D89-93CB-DDF2DCA7A1A1}"
EndProject
Global
	GlobalSection(SolutionConfigurationPlatforms) = preSolution
		Debug|Any CPU = Debug|Any CPU
		Release|Any CPU = Release|Any CPU
	EndGlobalSection
	GlobalSection(ProjectConfigurationPlatforms) = postSolution
		{7B7F5264-D7B9-8D89-93CB-DDF2DCA7A1A1}.Debug|Any CPU.ActiveCfg = Debug|Any CPU
		{7B7F5264-D7B9-8D89-93CB-DDF2DCA7A1A1}.Debug|Any CPU.Build.0 = Debug|Any CPU
		{7B7F5264-D7B9-8D89-93CB-DDF2DCA7A1A1}.Release|Any CPU.ActiveCfg = Release|Any CPU
		{7B7F5264-D7B9-8D89-93CB-DDF2DCA7A1A1}.Release|Any CPU.Build.0 = Release|Any CPU
	EndGlobalSection
	GlobalSection(SolutionProperties) = preSolution
		HideSolutionNode = FALSE
	EndGlobalSection
	GlobalSection(ExtensibilityGlobals) = postSolution
		SolutionGuid = {8F70C852-A42E-4297-8EB6-0CB7736F6893}
	EndGlobalSection
EndGlobal
